
Microsoft Visual Studio Solution File, Format Version 12.00
# Visual Studio 15
VisualStudioVersion = 15.0.28307.645
MinimumVisualStudioVersion = 10.0.40219.1
Project("{FAE04EC0-301F-11D3-BF4B-00C04F79EFBC}") = "Portal MVC", "Portal MVC\Portal MVC.csproj", "{07E2E913-6050-4281-88D9-09CB55DCF708}"
EndProject
Global
	GlobalSection(SolutionConfigurationPlatforms) = preSolution
		Debug|Any CPU = Debug|Any CPU
		Release|Any CPU = Release|Any CPU
	EndGlobalSection
	GlobalSection(ProjectConfigurationPlatforms) = postSolution
		{07E2E913-6050-4281-88D9-09CB55DCF708}.Debug|Any CPU.ActiveCfg = Debug|Any CPU
		{07E2E913-6050-4281-88D9-09CB55DCF708}.Debug|Any CPU.Build.0 = Debug|Any CPU
		{07E2E913-6050-4281-88D9-09CB55DCF708}.Release|Any CPU.ActiveCfg = Release|Any CPU
		{07E2E913-6050-4281-88D9-09CB55DCF708}.Release|Any CPU.Build.0 = Release|Any CPU
	EndGlobalSection
	GlobalSection(SolutionProperties) = preSolution
		HideSolutionNode = FALSE
	EndGlobalSection
	GlobalSection(ExtensibilityGlobals) = postSolution
		SolutionGuid = {F35EF1DA-8302-45EF-9CBD-D07C5354E212}
	EndGlobalSection
EndGlobal
